
Microsoft Visual Studio Solution File, Format Version 12.00
Project("{FAE04EC0-301F-11D3-BF4B-00C04F79EFBC}") = "Zadanie7", "Zadanie7\Zadanie7.csproj", "{0C2CC101-BD91-43CB-B5F2-72BF00D4587D}"
EndProject
Global
	GlobalSection(SolutionConfigurationPlatforms) = preSolution
		Debug|Any CPU = Debug|Any CPU
		Release|Any CPU = Release|Any CPU
	EndGlobalSection
	GlobalSection(ProjectConfigurationPlatforms) = postSolution
		{0C2CC101-BD91-43CB-B5F2-72BF00D4587D}.Debug|Any CPU.ActiveCfg = Debug|Any CPU
		{0C2CC101-BD91-43CB-B5F2-72BF00D4587D}.Debug|Any CPU.Build.0 = Debug|Any CPU
		{0C2CC101-BD91-43CB-B5F2-72BF00D4587D}.Release|Any CPU.ActiveCfg = Release|Any CPU
		{0C2CC101-BD91-43CB-B5F2-72BF00D4587D}.Release|Any CPU.Build.0 = Release|Any CPU
	EndGlobalSection
EndGlobal
